
Microsoft Visual Studio Solution File, Format Version 12.00
# Visual Studio Version 17
VisualStudioVersion = 17.1.32210.238
MinimumVisualStudioVersion = 10.0.40219.1
Project("{FAE04EC0-301F-11D3-BF4B-00C04F79EFBC}") = "TesteGTI.WebbApi", "TesteGTI.WebbApi\TesteGTI.WebbApi.csproj", "{F4C415F0-45F5-4E6C-8712-C3CE03C8A767}"
EndProject
Global
	GlobalSection(SolutionConfigurationPlatforms) = preSolution
		Debug|Any CPU = Debug|Any CPU
		Release|Any CPU = Release|Any CPU
	EndGlobalSection
	GlobalSection(ProjectConfigurationPlatforms) = postSolution
		{F4C415F0-45F5-4E6C-8712-C3CE03C8A767}.Debug|Any CPU.ActiveCfg = Debug|Any CPU
		{F4C415F0-45F5-4E6C-8712-C3CE03C8A767}.Debug|Any CPU.Build.0 = Debug|Any CPU
		{F4C415F0-45F5-4E6C-8712-C3CE03C8A767}.Release|Any CPU.ActiveCfg = Release|Any CPU
		{F4C415F0-45F5-4E6C-8712-C3CE03C8A767}.Release|Any CPU.Build.0 = Release|Any CPU
	EndGlobalSection
	GlobalSection(SolutionProperties) = preSolution
		HideSolutionNode = FALSE
	EndGlobalSection
	GlobalSection(ExtensibilityGlobals) = postSolution
		SolutionGuid = {B89AF080-718C-475E-B643-7AA8225D8020}
	EndGlobalSection
EndGlobal
